// !$*UTF8*$!
{
	archiveVersion = 1;
	classes = {
	};
	objectVersion = 55;
	objects = {

/* Begin PBXBuildFile section */
		C49F742627A9646B0051DC74 /* AppDelegate.swift in Sources */ = {isa = PBXBuildFile; fileRef = C49F742527A9646B0051DC74 /* AppDelegate.swift */; };
		C49F742827A9646B0051DC74 /* SceneDelegate.swift in Sources */ = {isa = PBXBuildFile; fileRef = C49F742727A9646B0051DC74 /* SceneDelegate.swift */; };
		C49F742A27A9646B0051DC74 /* ViewController.swift in Sources */ = {isa = PBXBuildFile; fileRef = C49F742927A9646B0051DC74 /* ViewController.swift */; };
		C49F742D27A9646B0051DC74 /* Main.storyboard in Resources */ = {isa = PBXBuildFile; fileRef = C49F742B27A9646B0051DC74 /* Main.storyboard */; };
		C49F742F27A964700051DC74 /* Assets.xcassets in Resources */ = {isa = PBXBuildFile; fileRef = C49F742E27A964700051DC74 /* Assets.xcassets */; };
		C49F743227A964700051DC74 /* LaunchScreen.storyboard in Resources */ = {isa = PBXBuildFile; fileRef = C49F743027A964700051DC74 /* LaunchScreen.storyboard */; };
		C49F743D27A964700051DC74 /* combine_swiftuiTests.swift in Sources */ = {isa = PBXBuildFile; fileRef = C49F743C27A964700051DC74 /* combine_swiftuiTests.swift */; };
		C49F744727A964700051DC74 /* combine_swiftuiUITests.swift in Sources */ = {isa = PBXBuildFile; fileRef = C49F744627A964700051DC74 /* combine_swiftuiUITests.swift */; };
		C49F744927A964700051DC74 /* combine_swiftuiUITestsLaunchTests.swift in Sources */ = {isa = PBXBuildFile; fileRef = C49F744827A964700051DC74 /* combine_swiftuiUITestsLaunchTests.swift */; };
/* End PBXBuildFile section */

/* Begin PBXContainerItemProxy section */
		C49F743927A964700051DC74 /* PBXContainerItemProxy */ = {
			isa = PBXContainerItemProxy;
			containerPortal = C49F741A27A9646A0051DC74 /* Project object */;
			proxyType = 1;
			remoteGlobalIDString = C49F742127A9646B0051DC74;
			remoteInfo = "combine-swiftui";
		};
		C49F744327A964700051DC74 /* PBXContainerItemProxy */ = {
			isa = PBXContainerItemProxy;
			containerPortal = C49F741A27A9646A0051DC74 /* Project object */;
			proxyType = 1;
			remoteGlobalIDString = C49F742127A9646B0051DC74;
			remoteInfo = "combine-swiftui";
		};
/* End PBXContainerItemProxy section */

/* Begin PBXFileReference section */
		C49F742227A9646B0051DC74 /* combine-swiftui.app */ = {isa = PBXFileReference; explicitFileType = wrapper.application; includeInIndex = 0; path = "combine-swiftui.app"; sourceTree = BUILT_PRODUCTS_DIR; };
		C49F742527A9646B0051DC74 /* AppDelegate.swift */ = {isa = PBXFileReference; lastKnownFileType = sourcecode.swift; path = AppDelegate.swift; sourceTree = "<group>"; };
		C49F742727A9646B0051DC74 /* SceneDelegate.swift */ = {isa = PBXFileReference; lastKnownFileType = sourcecode.swift; path = SceneDelegate.swift; sourceTree = "<group>"; };
		C49F742927A9646B0051DC74 /* ViewController.swift */ = {isa = PBXFileReference; lastKnownFileType = sourcecode.swift; path = ViewController.swift; sourceTree = "<group>"; };
		C49F742C27A9646B0051DC74 /* Base */ = {isa = PBXFileReference; lastKnownFileType = file.storyboard; name = Base; path = Base.lproj/Main.storyboard; sourceTree = "<group>"; };
		C49F742E27A964700051DC74 /* Assets.xcassets */ = {isa = PBXFileReference; lastKnownFileType = folder.assetcatalog; path = Assets.xcassets; sourceTree = "<group>"; };
		C49F743127A964700051DC74 /* Base */ = {isa = PBXFileReference; lastKnownFileType = file.storyboard; name = Base; path = Base.lproj/LaunchScreen.storyboard; sourceTree = "<group>"; };
		C49F743327A964700051DC74 /* Info.plist */ = {isa = PBXFileReference; lastKnownFileType = text.plist.xml; path = Info.plist; sourceTree = "<group>"; };
		C49F743827A964700051DC74 /* combine-swiftuiTests.xctest */ = {isa = PBXFileReference; explicitFileType = wrapper.cfbundle; includeInIndex = 0; path = "combine-swiftuiTests.xctest"; sourceTree = BUILT_PRODUCTS_DIR; };
		C49F743C27A964700051DC74 /* combine_swiftuiTests.swift */ = {isa = PBXFileReference; lastKnownFileType = sourcecode.swift; path = combine_swiftuiTests.swift; sourceTree = "<group>"; };
		C49F744227A964700051DC74 /* combine-swiftuiUITests.xctest */ = {isa = PBXFileReference; explicitFileType = wrapper.cfbundle; includeInIndex = 0; path = "combine-swiftuiUITests.xctest"; sourceTree = BUILT_PRODUCTS_DIR; };
		C49F744627A964700051DC74 /* combine_swiftuiUITests.swift */ = {isa = PBXFileReference; lastKnownFileType = sourcecode.swift; path = combine_swiftuiUITests.swift; sourceTree = "<group>"; };
		C49F744827A964700051DC74 /* combine_swiftuiUITestsLaunchTests.swift */ = {isa = PBXFileReference; lastKnownFileType = sourcecode.swift; path = combine_swiftuiUITestsLaunchTests.swift; sourceTree = "<group>"; };
/* End PBXFileReference section */

/* Begin PBXFrameworksBuildPhase section */
		C49F741F27A9646B0051DC74 /* Frameworks */ = {
			isa = PBXFrameworksBuildPhase;
			buildActionMask = 2147483647;
			files = (
			);
			runOnlyForDeploymentPostprocessing = 0;
		};
		C49F743527A964700051DC74 /* Frameworks */ = {
			isa = PBXFrameworksBuildPhase;
			buildActionMask = 2147483647;
			files = (
			);
			runOnlyForDeploymentPostprocessing = 0;
		};
		C49F743F27A964700051DC74 /* Frameworks */ = {
			isa = PBXFrameworksBuildPhase;
			buildActionMask = 2147483647;
			files = (
			);
			runOnlyForDeploymentPostprocessing = 0;
		};
/* End PBXFrameworksBuildPhase section */

/* Begin PBXGroup section */
		C49F741927A9646A0051DC74 = {
			isa = PBXGroup;
			children = (
				C49F742427A9646B0051DC74 /* combine-swiftui */,
				C49F743B27A964700051DC74 /* combine-swiftuiTests */,
				C49F744527A964700051DC74 /* combine-swiftuiUITests */,
				C49F742327A9646B0051DC74 /* Products */,
			);
			sourceTree = "<group>";
		};
		C49F742327A9646B0051DC74 /* Products */ = {
			isa = PBXGroup;
			children = (
				C49F742227A9646B0051DC74 /* combine-swiftui.app */,
				C49F743827A964700051DC74 /* combine-swiftuiTests.xctest */,
				C49F744227A964700051DC74 /* combine-swiftuiUITests.xctest */,
			);
			name = Products;
			sourceTree = "<group>";
		};
		C49F742427A9646B0051DC74 /* combine-swiftui */ = {
			isa = PBXGroup;
			children = (
				C49F742527A9646B0051DC74 /* AppDelegate.swift */,
				C49F742727A9646B0051DC74 /* SceneDelegate.swift */,
				C49F742927A9646B0051DC74 /* ViewController.swift */,
				C49F742B27A9646B0051DC74 /* Main.storyboard */,
				C49F742E27A964700051DC74 /* Assets.xcassets */,
				C49F743027A964700051DC74 /* LaunchScreen.storyboard */,
				C49F743327A964700051DC74 /* Info.plist */,
			);
			path = "combine-swiftui";
			sourceTree = "<group>";
		};
		C49F743B27A964700051DC74 /* combine-swiftuiTests */ = {
			isa = PBXGroup;
			children = (
				C49F743C27A964700051DC74 /* combine_swiftuiTests.swift */,
			);
			path = "combine-swiftuiTests";
			sourceTree = "<group>";
		};
		C49F744527A964700051DC74 /* combine-swiftuiUITests */ = {
			isa = PBXGroup;
			children = (
				C49F744627A964700051DC74 /* combine_swiftuiUITests.swift */,
				C49F744827A964700051DC74 /* combine_swiftuiUITestsLaunchTests.swift */,
			);
			path = "combine-swiftuiUITests";
			sourceTree = "<group>";
		};
/* End PBXGroup section */

/* Begin PBXNativeTarget section */
		C49F742127A9646B0051DC74 /* combine-swiftui */ = {
			isa = PBXNativeTarget;
			buildConfigurationList = C49F744C27A964700051DC74 /* Build configuration list for PBXNativeTarget "combine-swiftui" */;
			buildPhases = (
				C49F741E27A9646B0051DC74 /* Sources */,
				C49F741F27A9646B0051DC74 /* Frameworks */,
				C49F742027A9646B0051DC74 /* Resources */,
			);
			buildRules = (
			);
			dependencies = (
			);
			name = "combine-swiftui";
			productName = "combine-swiftui";
			productReference = C49F742227A9646B0051DC74 /* combine-swiftui.app */;
			productType = "com.apple.product-type.application";
		};
		C49F743727A964700051DC74 /* combine-swiftuiTests */ = {
			isa = PBXNativeTarget;
			buildConfigurationList = C49F744F27A964700051DC74 /* Build configuration list for PBXNativeTarget "combine-swiftuiTests" */;
			buildPhases = (
				C49F743427A964700051DC74 /* Sources */,
				C49F743527A964700051DC74 /* Frameworks */,
				C49F743627A964700051DC74 /* Resources */,
			);
			buildRules = (
			);
			dependencies = (
				C49F743A27A964700051DC74 /* PBXTargetDependency */,
			);
			name = "combine-swiftuiTests";
			productName = "combine-swiftuiTests";
			productReference = C49F743827A964700051DC74 /* combine-swiftuiTests.xctest */;
			productType = "com.apple.product-type.bundle.unit-test";
		};
		C49F744127A964700051DC74 /* combine-swiftuiUITests */ = {
			isa = PBXNativeTarget;
			buildConfigurationList = C49F745227A964700051DC74 /* Build configuration list for PBXNativeTarget "combine-swiftuiUITests" */;
			buildPhases = (
				C49F743E27A964700051DC74 /* Sources */,
				C49F743F27A964700051DC74 /* Frameworks */,
				C49F744027A964700051DC74 /* Resources */,
			);
			buildRules = (
			);
			dependencies = (
				C49F744427A964700051DC74 /* PBXTargetDependency */,
			);
			name = "combine-swiftuiUITests";
			productName = "combine-swiftuiUITests";
			productReference = C49F744227A964700051DC74 /* combine-swiftuiUITests.xctest */;
			productType = "com.apple.product-type.bundle.ui-testing";
		};
/* End PBXNativeTarget section */

/* Begin PBXProject section */
		C49F741A27A9646A0051DC74 /* Project object */ = {
			isa = PBXProject;
			attributes = {
				BuildIndependentTargetsInParallel = 1;
				LastSwiftUpdateCheck = 1320;
				LastUpgradeCheck = 1320;
				TargetAttributes = {
					C49F742127A9646B0051DC74 = {
						CreatedOnToolsVersion = 13.2.1;
					};
					C49F743727A964700051DC74 = {
						CreatedOnToolsVersion = 13.2.1;
						TestTargetID = C49F742127A9646B0051DC74;
					};
					C49F744127A964700051DC74 = {
						CreatedOnToolsVersion = 13.2.1;
						TestTargetID = C49F742127A9646B0051DC74;
					};
				};
			};
			buildConfigurationList = C49F741D27A9646A0051DC74 /* Build configuration list for PBXProject "combine-swiftui" */;
			compatibilityVersion = "Xcode 13.0";
			developmentRegion = en;
			hasScannedForEncodings = 0;
			knownRegions = (
				en,
				Base,
			);
			mainGroup = C49F741927A9646A0051DC74;
			productRefGroup = C49F742327A9646B0051DC74 /* Products */;
			projectDirPath = "";
			projectRoot = "";
			targets = (
				C49F742127A9646B0051DC74 /* combine-swiftui */,
				C49F743727A964700051DC74 /* combine-swiftuiTests */,
				C49F744127A964700051DC74 /* combine-swiftuiUITests */,
			);
		};
/* End PBXProject section */

/* Begin PBXResourcesBuildPhase section */
		C49F742027A9646B0051DC74 /* Resources */ = {
			isa = PBXResourcesBuildPhase;
			buildActionMask = 2147483647;
			files = (
				C49F743227A964700051DC74 /* LaunchScreen.storyboard in Resources */,
				C49F742F27A964700051DC74 /* Assets.xcassets in Resources */,
				C49F742D27A9646B0051DC74 /* Main.storyboard in Resources */,
			);
			runOnlyForDeploymentPostprocessing = 0;
		};
		C49F743627A964700051DC74 /* Resources */ = {
			isa = PBXResourcesBuildPhase;
			buildActionMask = 2147483647;
			files = (
			);
			runOnlyForDeploymentPostprocessing = 0;
		};
		C49F744027A964700051DC74 /* Resources */ = {
			isa = PBXResourcesBuildPhase;
			buildActionMask = 2147483647;
			files = (
			);
			runOnlyForDeploymentPostprocessing = 0;
		};
/* End PBXResourcesBuildPhase section */

/* Begin PBXSourcesBuildPhase section */
		C49F741E27A9646B0051DC74 /* Sources */ = {
			isa = PBXSourcesBuildPhase;
			buildActionMask = 2147483647;
			files = (
				C49F742A27A9646B0051DC74 /* ViewController.swift in Sources */,
				C49F742627A9646B0051DC74 /* AppDelegate.swift in Sources */,
				C49F742827A9646B0051DC74 /* SceneDelegate.swift in Sources */,
			);
			runOnlyForDeploymentPostprocessing = 0;
		};
		C49F743427A964700051DC74 /* Sources */ = {
			isa = PBXSourcesBuildPhase;
			buildActionMask = 2147483647;
			files = (
				C49F743D27A964700051DC74 /* combine_swiftuiTests.swift in Sources */,
			);
			runOnlyForDeploymentPostprocessing = 0;
		};
		C49F743E27A964700051DC74 /* Sources */ = {
			isa = PBXSourcesBuildPhase;
			buildActionMask = 2147483647;
			files = (
				C49F744927A964700051DC74 /* combine_swiftuiUITestsLaunchTests.swift in Sources */,
				C49F744727A964700051DC74 /* combine_swiftuiUITests.swift in Sources */,
			);
			runOnlyForDeploymentPostprocessing = 0;
		};
/* End PBXSourcesBuildPhase section */

/* Begin PBXTargetDependency section */
		C49F743A27A964700051DC74 /* PBXTargetDependency */ = {
			isa = PBXTargetDependency;
			target = C49F742127A9646B0051DC74 /* combine-swiftui */;
			targetProxy = C49F743927A964700051DC74 /* PBXContainerItemProxy */;
		};
		C49F744427A964700051DC74 /* PBXTargetDependency */ = {
			isa = PBXTargetDependency;
			target = C49F742127A9646B0051DC74 /* combine-swiftui */;
			targetProxy = C49F744327A964700051DC74 /* PBXContainerItemProxy */;
		};
/* End PBXTargetDependency section */

/* Begin PBXVariantGroup section */
		C49F742B27A9646B0051DC74 /* Main.storyboard */ = {
			isa = PBXVariantGroup;
			children = (
				C49F742C27A9646B0051DC74 /* Base */,
			);
			name = Main.storyboard;
			sourceTree = "<group>";
		};
		C49F743027A964700051DC74 /* LaunchScreen.storyboard */ = {
			isa = PBXVariantGroup;
			children = (
				C49F743127A964700051DC74 /* Base */,
			);
			name = LaunchScreen.storyboard;
			sourceTree = "<group>";
		};
/* End PBXVariantGroup section */

/* Begin XCBuildConfiguration section */
		C49F744A27A964700051DC74 /* Debug */ = {
			isa = XCBuildConfiguration;
			buildSettings = {
				ALWAYS_SEARCH_USER_PATHS = NO;
				CLANG_ANALYZER_NONNULL = YES;
				CLANG_ANALYZER_NUMBER_OBJECT_CONVERSION = YES_AGGRESSIVE;
				CLANG_CXX_LANGUAGE_STANDARD = "gnu++17";
				CLANG_CXX_LIBRARY = "libc++";
				CLANG_ENABLE_MODULES = YES;
				CLANG_ENABLE_OBJC_ARC = YES;
				CLANG_ENABLE_OBJC_WEAK = YES;
				CLANG_WARN_BLOCK_CAPTURE_AUTORELEASING = YES;
				CLANG_WARN_BOOL_CONVERSION = YES;
				CLANG_WARN_COMMA = YES;
				CLANG_WARN_CONSTANT_CONVERSION = YES;
				CLANG_WARN_DEPRECATED_OBJC_IMPLEMENTATIONS = YES;
				CLANG_WARN_DIRECT_OBJC_ISA_USAGE = YES_ERROR;
				CLANG_WARN_DOCUMENTATION_COMMENTS = YES;
				CLANG_WARN_EMPTY_BODY = YES;
				CLANG_WARN_ENUM_CONVERSION = YES;
				CLANG_WARN_INFINITE_RECURSION = YES;
				CLANG_WARN_INT_CONVERSION = YES;
				CLANG_WARN_NON_LITERAL_NULL_CONVERSION = YES;
				CLANG_WARN_OBJC_IMPLICIT_RETAIN_SELF = YES;
				CLANG_WARN_OBJC_LITERAL_CONVERSION = YES;
				CLANG_WARN_OBJC_ROOT_CLASS = YES_ERROR;
				CLANG_WARN_QUOTED_INCLUDE_IN_FRAMEWORK_HEADER = YES;
				CLANG_WARN_RANGE_LOOP_ANALYSIS = YES;
				CLANG_WARN_STRICT_PROTOTYPES = YES;
				CLANG_WARN_SUSPICIOUS_MOVE = YES;
				CLANG_WARN_UNGUARDED_AVAILABILITY = YES_AGGRESSIVE;
				CLANG_WARN_UNREACHABLE_CODE = YES;
				CLANG_WARN__DUPLICATE_METHOD_MATCH = YES;
				COPY_PHASE_STRIP = NO;
				DEBUG_INFORMATION_FORMAT = dwarf;
				ENABLE_STRICT_OBJC_MSGSEND = YES;
				ENABLE_TESTABILITY = YES;
				GCC_C_LANGUAGE_STANDARD = gnu11;
				GCC_DYNAMIC_NO_PIC = NO;
				GCC_NO_COMMON_BLOCKS = YES;
				GCC_OPTIMIZATION_LEVEL = 0;
				GCC_PREPROCESSOR_DEFINITIONS = (
					"DEBUG=1",
					"$(inherited)",
				);
				GCC_WARN_64_TO_32_BIT_CONVERSION = YES;
				GCC_WARN_ABOUT_RETURN_TYPE = YES_ERROR;
				GCC_WARN_UNDECLARED_SELECTOR = YES;
				GCC_WARN_UNINITIALIZED_AUTOS = YES_AGGRESSIVE;
				GCC_WARN_UNUSED_FUNCTION = YES;
				GCC_WARN_UNUSED_VARIABLE = YES;
				IPHONEOS_DEPLOYMENT_TARGET = 15.2;
				MTL_ENABLE_DEBUG_INFO = INCLUDE_SOURCE;
				MTL_FAST_MATH = YES;
				ONLY_ACTIVE_ARCH = YES;
				SDKROOT = iphoneos;
				SWIFT_ACTIVE_COMPILATION_CONDITIONS = DEBUG;
				SWIFT_OPTIMIZATION_LEVEL = "-Onone";
			};
			name = Debug;
		};
		C49F744B27A964700051DC74 /* Release */ = {
			isa = XCBuildConfiguration;
			buildSettings = {
				ALWAYS_SEARCH_USER_PATHS = NO;
				CLANG_ANALYZER_NONNULL = YES;
				CLANG_ANALYZER_NUMBER_OBJECT_CONVERSION = YES_AGGRESSIVE;
				CLANG_CXX_LANGUAGE_STANDARD = "gnu++17";
				CLANG_CXX_LIBRARY = "libc++";
				CLANG_ENABLE_MODULES = YES;
				CLANG_ENABLE_OBJC_ARC = YES;
				CLANG_ENABLE_OBJC_WEAK = YES;
				CLANG_WARN_BLOCK_CAPTURE_AUTORELEASING = YES;
				CLANG_WARN_BOOL_CONVERSION = YES;
				CLANG_WARN_COMMA = YES;
				CLANG_WARN_CONSTANT_CONVERSION = YES;
				CLANG_WARN_DEPRECATED_OBJC_IMPLEMENTATIONS = YES;
				CLANG_WARN_DIRECT_OBJC_ISA_USAGE = YES_ERROR;
				CLANG_WARN_DOCUMENTATION_COMMENTS = YES;
				CLANG_WARN_EMPTY_BODY = YES;
				CLANG_WARN_ENUM_CONVERSION = YES;
				CLANG_WARN_INFINITE_RECURSION = YES;
				CLANG_WARN_INT_CONVERSION = YES;
				CLANG_WARN_NON_LITERAL_NULL_CONVERSION = YES;
				CLANG_WARN_OBJC_IMPLICIT_RETAIN_SELF = YES;
				CLANG_WARN_OBJC_LITERAL_CONVERSION = YES;
				CLANG_WARN_OBJC_ROOT_CLASS = YES_ERROR;
				CLANG_WARN_QUOTED_INCLUDE_IN_FRAMEWORK_HEADER = YES;
				CLANG_WARN_RANGE_LOOP_ANALYSIS = YES;
				CLANG_WARN_STRICT_PROTOTYPES = YES;
				CLANG_WARN_SUSPICIOUS_MOVE = YES;
				CLANG_WARN_UNGUARDED_AVAILABILITY = YES_AGGRESSIVE;
				CLANG_WARN_UNREACHABLE_CODE = YES;
				CLANG_WARN__DUPLICATE_METHOD_MATCH = YES;
				COPY_PHASE_STRIP = NO;
				DEBUG_INFORMATION_FORMAT = "dwarf-with-dsym";
				ENABLE_NS_ASSERTIONS = NO;
				ENABLE_STRICT_OBJC_MSGSEND = YES;
				GCC_C_LANGUAGE_STANDARD = gnu11;
				GCC_NO_COMMON_BLOCKS = YES;
				GCC_WARN_64_TO_32_BIT_CONVERSION = YES;
				GCC_WARN_ABOUT_RETURN_TYPE = YES_ERROR;
				GCC_WARN_UNDECLARED_SELECTOR = YES;
				GCC_WARN_UNINITIALIZED_AUTOS = YES_AGGRESSIVE;
				GCC_WARN_UNUSED_FUNCTION = YES;
				GCC_WARN_UNUSED_VARIABLE = YES;
				IPHONEOS_DEPLOYMENT_TARGET = 15.2;
				MTL_ENABLE_DEBUG_INFO = NO;
				MTL_FAST_MATH = YES;
				SDKROOT = iphoneos;
				SWIFT_COMPILATION_MODE = wholemodule;
				SWIFT_OPTIMIZATION_LEVEL = "-O";
				VALIDATE_PRODUCT = YES;
			};
			name = Release;
		};
		C49F744D27A964700051DC74 /* Debug */ = {
			isa = XCBuildConfiguration;
			buildSettings = {
				ASSETCATALOG_COMPILER_APPICON_NAME = AppIcon;
				ASSETCATALOG_COMPILER_GLOBAL_ACCENT_COLOR_NAME = AccentColor;
				CODE_SIGN_STYLE = Automatic;
				CURRENT_PROJECT_VERSION = 1;
				DEVELOPMENT_TEAM = WG2UXQL3Q9;
				GENERATE_INFOPLIST_FILE = YES;
				INFOPLIST_FILE = "combine-swiftui/Info.plist";
				INFOPLIST_KEY_UIApplicationSupportsIndirectInputEvents = YES;
				INFOPLIST_KEY_UILaunchStoryboardName = LaunchScreen;
				INFOPLIST_KEY_UIMainStoryboardFile = Main;
				INFOPLIST_KEY_UISupportedInterfaceOrientations_iPad = "UIInterfaceOrientationPortrait UIInterfaceOrientationPortraitUpsideDown UIInterfaceOrientationLandscapeLeft UIInterfaceOrientationLandscapeRight";
				INFOPLIST_KEY_UISupportedInterfaceOrientations_iPhone = "UIInterfaceOrientationPortrait UIInterfaceOrientationLandscapeLeft UIInterfaceOrientationLandscapeRight";
				LD_RUNPATH_SEARCH_PATHS = (
					"$(inherited)",
					"@executable_path/Frameworks",
				);
				MARKETING_VERSION = 1.0;
				PRODUCT_BUNDLE_IDENTIFIER = "br.com.joaoduartemariucio.study.combine-swiftui";
				PRODUCT_NAME = "$(TARGET_NAME)";
				SWIFT_EMIT_LOC_STRINGS = YES;
				SWIFT_VERSION = 5.0;
				TARGETED_DEVICE_FAMILY = "1,2";
			};
			name = Debug;
		};
		C49F744E27A964700051DC74 /* Release */ = {
			isa = XCBuildConfiguration;
			buildSettings = {
				ASSETCATALOG_COMPILER_APPICON_NAME = AppIcon;
				ASSETCATALOG_COMPILER_GLOBAL_ACCENT_COLOR_NAME = AccentColor;
				CODE_SIGN_STYLE = Automatic;
				CURRENT_PROJECT_VERSION = 1;
				DEVELOPMENT_TEAM = WG2UXQL3Q9;
				GENERATE_INFOPLIST_FILE = YES;
				INFOPLIST_FILE = "combine-swiftui/Info.plist";
				INFOPLIST_KEY_UIApplicationSupportsIndirectInputEvents = YES;
				INFOPLIST_KEY_UILaunchStoryboardName = LaunchScreen;
				INFOPLIST_KEY_UIMainStoryboardFile = Main;
				INFOPLIST_KEY_UISupportedInterfaceOrientations_iPad = "UIInterfaceOrientationPortrait UIInterfaceOrientationPortraitUpsideDown UIInterfaceOrientationLandscapeLeft UIInterfaceOrientationLandscapeRight";
				INFOPLIST_KEY_UISupportedInterfaceOrientations_iPhone = "UIInterfaceOrientationPortrait UIInterfaceOrientationLandscapeLeft UIInterfaceOrientationLandscapeRight";
				LD_RUNPATH_SEARCH_PATHS = (
					"$(inherited)",
					"@executable_path/Frameworks",
				);
				MARKETING_VERSION = 1.0;
				PRODUCT_BUNDLE_IDENTIFIER = "br.com.joaoduartemariucio.study.combine-swiftui";
				PRODUCT_NAME = "$(TARGET_NAME)";
				SWIFT_EMIT_LOC_STRINGS = YES;
				SWIFT_VERSION = 5.0;
				TARGETED_DEVICE_FAMILY = "1,2";
			};
			name = Release;
		};
		C49F745027A964700051DC74 /* Debug */ = {
			isa = XCBuildConfiguration;
			buildSettings = {
				ALWAYS_EMBED_SWIFT_STANDARD_LIBRARIES = YES;
				BUNDLE_LOADER = "$(TEST_HOST)";
				CODE_SIGN_STYLE = Automatic;
				CURRENT_PROJECT_VERSION = 1;
				DEVELOPMENT_TEAM = WG2UXQL3Q9;
				GENERATE_INFOPLIST_FILE = YES;
				IPHONEOS_DEPLOYMENT_TARGET = 15.2;
				MARKETING_VERSION = 1.0;
				PRODUCT_BUNDLE_IDENTIFIER = "br.com.joaoduartemariucio.study.combine-swiftuiTests";
				PRODUCT_NAME = "$(TARGET_NAME)";
				SWIFT_EMIT_LOC_STRINGS = NO;
				SWIFT_VERSION = 5.0;
				TARGETED_DEVICE_FAMILY = "1,2";
				TEST_HOST = "$(BUILT_PRODUCTS_DIR)/combine-swiftui.app/combine-swiftui";
			};
			name = Debug;
		};
		C49F745127A964700051DC74 /* Release */ = {
			isa = XCBuildConfiguration;
			buildSettings = {
				ALWAYS_EMBED_SWIFT_STANDARD_LIBRARIES = YES;
				BUNDLE_LOADER = "$(TEST_HOST)";
				CODE_SIGN_STYLE = Automatic;
				CURRENT_PROJECT_VERSION = 1;
				DEVELOPMENT_TEAM = WG2UXQL3Q9;
				GENERATE_INFOPLIST_FILE = YES;
				IPHONEOS_DEPLOYMENT_TARGET = 15.2;
				MARKETING_VERSION = 1.0;
				PRODUCT_BUNDLE_IDENTIFIER = "br.com.joaoduartemariucio.study.combine-swiftuiTests";
				PRODUCT_NAME = "$(TARGET_NAME)";
				SWIFT_EMIT_LOC_STRINGS = NO;
				SWIFT_VERSION = 5.0;
				TARGETED_DEVICE_FAMILY = "1,2";
				TEST_HOST = "$(BUILT_PRODUCTS_DIR)/combine-swiftui.app/combine-swiftui";
			};
			name = Release;
		};
		C49F745327A964700051DC74 /* Debug */ = {
			isa = XCBuildConfiguration;
			buildSettings = {
				ALWAYS_EMBED_SWIFT_STANDARD_LIBRARIES = YES;
				CODE_SIGN_STYLE = Automatic;
				CURRENT_PROJECT_VERSION = 1;
				DEVELOPMENT_TEAM = WG2UXQL3Q9;
				GENERATE_INFOPLIST_FILE = YES;
				MARKETING_VERSION = 1.0;
				PRODUCT_BUNDLE_IDENTIFIER = "br.com.joaoduartemariucio.study.combine-swiftuiUITests";
				PRODUCT_NAME = "$(TARGET_NAME)";
				SWIFT_EMIT_LOC_STRINGS = NO;
				SWIFT_VERSION = 5.0;
				TARGETED_DEVICE_FAMILY = "1,2";
				TEST_TARGET_NAME = "combine-swiftui";
			};
			name = Debug;
		};
		C49F745427A964700051DC74 /* Release */ = {
			isa = XCBuildConfiguration;
			buildSettings = {
				ALWAYS_EMBED_SWIFT_STANDARD_LIBRARIES = YES;
				CODE_SIGN_STYLE = Automatic;
				CURRENT_PROJECT_VERSION = 1;
				DEVELOPMENT_TEAM = WG2UXQL3Q9;
				GENERATE_INFOPLIST_FILE = YES;
				MARKETING_VERSION = 1.0;
				PRODUCT_BUNDLE_IDENTIFIER = "br.com.joaoduartemariucio.study.combine-swiftuiUITests";
				PRODUCT_NAME = "$(TARGET_NAME)";
				SWIFT_EMIT_LOC_STRINGS = NO;
				SWIFT_VERSION = 5.0;
				TARGETED_DEVICE_FAMILY = "1,2";
				TEST_TARGET_NAME = "combine-swiftui";
			};
			name = Release;
		};
/* End XCBuildConfiguration section */

/* Begin XCConfigurationList section */
		C49F741D27A9646A0051DC74 /* Build configuration list for PBXProject "combine-swiftui" */ = {
			isa = XCConfigurationList;
			buildConfigurations = (
				C49F744A27A964700051DC74 /* Debug */,
				C49F744B27A964700051DC74 /* Release */,
			);
			defaultConfigurationIsVisible = 0;
			defaultConfigurationName = Release;
		};
		C49F744C27A964700051DC74 /* Build configuration list for PBXNativeTarget "combine-swiftui" */ = {
			isa = XCConfigurationList;
			buildConfigurations = (
				C49F744D27A964700051DC74 /* Debug */,
				C49F744E27A964700051DC74 /* Release */,
			);
			defaultConfigurationIsVisible = 0;
			defaultConfigurationName = Release;
		};
		C49F744F27A964700051DC74 /* Build configuration list for PBXNativeTarget "combine-swiftuiTests" */ = {
			isa = XCConfigurationList;
			buildConfigurations = (
				C49F745027A964700051DC74 /* Debug */,
				C49F745127A964700051DC74 /* Release */,
			);
			defaultConfigurationIsVisible = 0;
			defaultConfigurationName = Release;
		};
		C49F745227A964700051DC74 /* Build configuration list for PBXNativeTarget "combine-swiftuiUITests" */ = {
			isa = XCConfigurationList;
			buildConfigurations = (
				C49F745327A964700051DC74 /* Debug */,
				C49F745427A964700051DC74 /* Release */,
			);
			defaultConfigurationIsVisible = 0;
			defaultConfigurationName = Release;
		};
/* End XCConfigurationList section */
	};
	rootObject = C49F741A27A9646A0051DC74 /* Project object */;
}
